
Microsoft Visual Studio Solution File, Format Version 12.00
# Visual Studio Version 17
VisualStudioVersion = 17.3.32804.467
MinimumVisualStudioVersion = 10.0.40219.1
Project("{8BC9CEB8-8B4A-11D0-8D11-00A0C91BC942}") = "NonDecreasingArray", "LeetCodeProblems\LeetCodeProblems.vcxproj", "{BC5F8407-FD1A-451E-914F-00105236822D}"
EndProject
Project("{8BC9CEB8-8B4A-11D0-8D11-00A0C91BC942}") = "Contains Duplicate (Arrays and Hashing)", "Contains Duplicate (Arrays and Hashing)\Contains Duplicate (Arrays and Hashing).vcxproj", "{764B008D-59B1-411C-88F5-AE397305A25B}"
EndProject
Project("{8BC9CEB8-8B4A-11D0-8D11-00A0C91BC942}") = "Valid Anagram (Arrays and Hashing)", "Valid Anagram (Arrays and Hashing)\Valid Anagram (Arrays and Hashing).vcxproj", "{923F5EE8-E007-454D-9DAA-D2A691EB92FE}"
EndProject
Project("{8BC9CEB8-8B4A-11D0-8D11-00A0C91BC942}") = "Two Sum (Arrays and Hashing)", "Two Sum (Arrays and Hashing)\Two Sum (Arrays and Hashing).vcxproj", "{B3BB5848-3CE5-4D9F-A6B7-F8AB1F61126B}"
EndProject
Project("{8BC9CEB8-8B4A-11D0-8D11-00A0C91BC942}") = "Group Anagrams (Arrays and Hashing)", "Group Anagrams (Arrays and Hashing)\Group Anagrams (Arrays and Hashing).vcxproj", "{40E89F0D-F3CA-49CF-AE96-C350EFC159EF}"
EndProject
Global
	GlobalSection(SolutionConfigurationPlatforms) = preSolution
		Debug|x64 = Debug|x64
		Debug|x86 = Debug|x86
		Release|x64 = Release|x64
		Release|x86 = Release|x86
	EndGlobalSection
	GlobalSection(ProjectConfigurationPlatforms) = postSolution
		{BC5F8407-FD1A-451E-914F-00105236822D}.Debug|x64.ActiveCfg = Debug|x64
		{BC5F8407-FD1A-451E-914F-00105236822D}.Debug|x64.Build.0 = Debug|x64
		{BC5F8407-FD1A-451E-914F-00105236822D}.Debug|x86.ActiveCfg = Debug|Win32
		{BC5F8407-FD1A-451E-914F-00105236822D}.Debug|x86.Build.0 = Debug|Win32
		{BC5F8407-FD1A-451E-914F-00105236822D}.Release|x64.ActiveCfg = Release|x64
		{BC5F8407-FD1A-451E-914F-00105236822D}.Release|x64.Build.0 = Release|x64
		{BC5F8407-FD1A-451E-914F-00105236822D}.Release|x86.ActiveCfg = Release|Win32
		{BC5F8407-FD1A-451E-914F-00105236822D}.Release|x86.Build.0 = Release|Win32
		{764B008D-59B1-411C-88F5-AE397305A25B}.Debug|x64.ActiveCfg = Debug|x64
		{764B008D-59B1-411C-88F5-AE397305A25B}.Debug|x64.Build.0 = Debug|x64
		{764B008D-59B1-411C-88F5-AE397305A25B}.Debug|x86.ActiveCfg = Debug|Win32
		{764B008D-59B1-411C-88F5-AE397305A25B}.Debug|x86.Build.0 = Debug|Win32
		{764B008D-59B1-411C-88F5-AE397305A25B}.Release|x64.ActiveCfg = Release|x64
		{764B008D-59B1-411C-88F5-AE397305A25B}.Release|x64.Build.0 = Release|x64
		{764B008D-59B1-411C-88F5-AE397305A25B}.Release|x86.ActiveCfg = Release|Win32
		{764B008D-59B1-411C-88F5-AE397305A25B}.Release|x86.Build.0 = Release|Win32
		{923F5EE8-E007-454D-9DAA-D2A691EB92FE}.Debug|x64.ActiveCfg = Debug|x64
		{923F5EE8-E007-454D-9DAA-D2A691EB92FE}.Debug|x64.Build.0 = Debug|x64
		{923F5EE8-E007-454D-9DAA-D2A691EB92FE}.Debug|x86.ActiveCfg = Debug|Win32
		{923F5EE8-E007-454D-9DAA-D2A691EB92FE}.Debug|x86.Build.0 = Debug|Win32
		{923F5EE8-E007-454D-9DAA-D2A691EB92FE}.Release|x64.ActiveCfg = Release|x64
		{923F5EE8-E007-454D-9DAA-D2A691EB92FE}.Release|x64.Build.0 = Release|x64
		{923F5EE8-E007-454D-9DAA-D2A691EB92FE}.Release|x86.ActiveCfg = Release|Win32
		{923F5EE8-E007-454D-9DAA-D2A691EB92FE}.Release|x86.Build.0 = Release|Win32
		{B3BB5848-3CE5-4D9F-A6B7-F8AB1F61126B}.Debug|x64.ActiveCfg = Debug|x64
		{B3BB5848-3CE5-4D9F-A6B7-F8AB1F61126B}.Debug|x64.Build.0 = Debug|x64
		{B3BB5848-3CE5-4D9F-A6B7-F8AB1F61126B}.Debug|x86.ActiveCfg = Debug|Win32
		{B3BB5848-3CE5-4D9F-A6B7-F8AB1F61126B}.Debug|x86.Build.0 = Debug|Win32
		{B3BB5848-3CE5-4D9F-A6B7-F8AB1F61126B}.Release|x64.ActiveCfg = Release|x64
		{B3BB5848-3CE5-4D9F-A6B7-F8AB1F61126B}.Release|x64.Build.0 = Release|x64
		{B3BB5848-3CE5-4D9F-A6B7-F8AB1F61126B}.Release|x86.ActiveCfg = Release|Win32
		{B3BB5848-3CE5-4D9F-A6B7-F8AB1F61126B}.Release|x86.Build.0 = Release|Win32
		{40E89F0D-F3CA-49CF-AE96-C350EFC159EF}.Debug|x64.ActiveCfg = Debug|x64
		{40E89F0D-F3CA-49CF-AE96-C350EFC159EF}.Debug|x64.Build.0 = Debug|x64
		{40E89F0D-F3CA-49CF-AE96-C350EFC159EF}.Debug|x86.ActiveCfg = Debug|Win32
		{40E89F0D-F3CA-49CF-AE96-C350EFC159EF}.Debug|x86.Build.0 = Debug|Win32
		{40E89F0D-F3CA-49CF-AE96-C350EFC159EF}.Release|x64.ActiveCfg = Release|x64
		{40E89F0D-F3CA-49CF-AE96-C350EFC159EF}.Release|x64.Build.0 = Release|x64
		{40E89F0D-F3CA-49CF-AE96-C350EFC159EF}.Release|x86.ActiveCfg = Release|Win32
		{40E89F0D-F3CA-49CF-AE96-C350EFC159EF}.Release|x86.Build.0 = Release|Win32
	EndGlobalSection
	GlobalSection(SolutionProperties) = preSolution
		HideSolutionNode = FALSE
	EndGlobalSection
	GlobalSection(ExtensibilityGlobals) = postSolution
		SolutionGuid = {FB2F568B-553B-4808-8C15-8BF63B2388E3}
	EndGlobalSection
EndGlobal
